
Microsoft Visual Studio Solution File, Format Version 12.00
# Visual Studio Version 16
VisualStudioVersion = 16.0.29521.150
MinimumVisualStudioVersion = 10.0.40219.1
Project("{FAE04EC0-301F-11D3-BF4B-00C04F79EFBC}") = "BlazorFinancePortfolio.Server", "Server\BlazorFinancePortfolio.Server.csproj", "{98239239-B3F1-48CE-870F-AF18D5667417}"
EndProject
Project("{FAE04EC0-301F-11D3-BF4B-00C04F79EFBC}") = "BlazorFinancePortfolio.Client", "Client\BlazorFinancePortfolio.Client.csproj", "{38F39FB3-AA4B-4D48-B07B-CEC28603B931}"
EndProject
Project("{FAE04EC0-301F-11D3-BF4B-00C04F79EFBC}") = "BlazorFinancePortfolio.Shared", "Shared\BlazorFinancePortfolio.Shared.csproj", "{6EC3914B-B550-4BA6-A22E-12D8BC5A9624}"
EndProject
Global
	GlobalSection(SolutionConfigurationPlatforms) = preSolution
		Debug|Any CPU = Debug|Any CPU
		Release|Any CPU = Release|Any CPU
	EndGlobalSection
	GlobalSection(ProjectConfigurationPlatforms) = postSolution
		{98239239-B3F1-48CE-870F-AF18D5667417}.Debug|Any CPU.ActiveCfg = Debug|Any CPU
		{98239239-B3F1-48CE-870F-AF18D5667417}.Debug|Any CPU.Build.0 = Debug|Any CPU
		{98239239-B3F1-48CE-870F-AF18D5667417}.Release|Any CPU.ActiveCfg = Release|Any CPU
		{98239239-B3F1-48CE-870F-AF18D5667417}.Release|Any CPU.Build.0 = Release|Any CPU
		{38F39FB3-AA4B-4D48-B07B-CEC28603B931}.Debug|Any CPU.ActiveCfg = Debug|Any CPU
		{38F39FB3-AA4B-4D48-B07B-CEC28603B931}.Debug|Any CPU.Build.0 = Debug|Any CPU
		{38F39FB3-AA4B-4D48-B07B-CEC28603B931}.Release|Any CPU.ActiveCfg = Release|Any CPU
		{38F39FB3-AA4B-4D48-B07B-CEC28603B931}.Release|Any CPU.Build.0 = Release|Any CPU
		{6EC3914B-B550-4BA6-A22E-12D8BC5A9624}.Debug|Any CPU.ActiveCfg = Debug|Any CPU
		{6EC3914B-B550-4BA6-A22E-12D8BC5A9624}.Debug|Any CPU.Build.0 = Debug|Any CPU
		{6EC3914B-B550-4BA6-A22E-12D8BC5A9624}.Release|Any CPU.ActiveCfg = Release|Any CPU
		{6EC3914B-B550-4BA6-A22E-12D8BC5A9624}.Release|Any CPU.Build.0 = Release|Any CPU
	EndGlobalSection
	GlobalSection(SolutionProperties) = preSolution
		HideSolutionNode = FALSE
	EndGlobalSection
	GlobalSection(ExtensibilityGlobals) = postSolution
		SolutionGuid = {CE15B802-C89C-483C-96AB-8E3F2F626994}
	EndGlobalSection
EndGlobal
